PODS:
  - libcmark_gfm (0.29.0)
  - Nimble (8.0.1)
  - Quick (2.1.0)
  - SwiftLint (0.31.0)

DEPENDENCIES:
  - libcmark_gfm
  - Nimble
  - Quick
  - SwiftLint

SPEC REPOS:
  https://github.com/cocoapods/specs.git:
    - libcmark_gfm
    - Nimble
    - Quick
    - SwiftLint

SPEC CHECKSUMS:
  libcmark_gfm: 36ec7615a5e1981ee59adef881d21bb89b9940bc
  Nimble: 45f786ae66faa9a709624227fae502db55a8bdd0
  Quick: 4be43f6634acfa727dd106bdf3929ce125ffa79d
  SwiftLint: 7a0227733d786395817373b2d0ca799fd0093ff3

PODFILE CHECKSUM: db683c8d21d426f02ffd5b901ea1ce625806c872

COCOAPODS: 1.7.0.beta.3
