PODS:
  - libcmark_gfm (0.28.3)
  - Nimble (7.3.1)
  - Quick (1.3.2)
  - SwiftLint (0.29.1)

DEPENDENCIES:
  - libcmark_gfm
  - Nimble
  - Quick
  - SwiftLint

SPEC REPOS:
  https://github.com/cocoapods/specs.git:
    - libcmark_gfm
    - Nimble
    - Quick
    - SwiftLint

SPEC CHECKSUMS:
  libcmark_gfm: eeffeceb85cccf7db30231a6853a97a552e8422b
  Nimble: 04f732da099ea4d153122aec8c2a88fd0c7219ae
  Quick: 2623cb30d7a7f41ca62f684f679586558f483d46
  SwiftLint: 6772320e40b52049053a518c17db9b0634a0b45a

PODFILE CHECKSUM: db683c8d21d426f02ffd5b901ea1ce625806c872

COCOAPODS: 1.6.0.beta.2
